// !$*UTF8*$!
{
	archiveVersion = 1;
	classes = {
	};
	objectVersion = 55;
	objects = {

/* Begin PBXBuildFile section */
		601CE8402812F0D500913106 /* main.c in Sources */ = {isa = PBXBuildFile; fileRef = 601CE83F2812F0D500913106 /* main.c */; };
		601CE85E2812F8AE00913106 /* libglfw3.a in Frameworks */ = {isa = PBXBuildFile; fileRef = 601CE85C2812F8AE00913106 /* libglfw3.a */; };
		601CE8612813136D00913106 /* CoreFoundation.framework in Frameworks */ = {isa = PBXBuildFile; fileRef = 601CE8602813136D00913106 /* CoreFoundation.framework */; };
		601CE863281313CA00913106 /* CoreGraphics.framework in Frameworks */ = {isa = PBXBuildFile; fileRef = 601CE862281313CA00913106 /* CoreGraphics.framework */; };
		601CE865281313E800913106 /* CoreVideo.framework in Frameworks */ = {isa = PBXBuildFile; fileRef = 601CE864281313E800913106 /* CoreVideo.framework */; };
		601CE8672813140100913106 /* IOKit.framework in Frameworks */ = {isa = PBXBuildFile; fileRef = 601CE8662813140100913106 /* IOKit.framework */; };
		601CE8692813141B00913106 /* AppKit.framework in Frameworks */ = {isa = PBXBuildFile; fileRef = 601CE8682813141B00913106 /* AppKit.framework */; };
/* End PBXBuildFile section */

/* Begin PBXCopyFilesBuildPhase section */
		601CE83A2812F0D500913106 /* CopyFiles */ = {
			isa = PBXCopyFilesBuildPhase;
			buildActionMask = 2147483647;
			dstPath = /usr/share/man/man1/;
			dstSubfolderSpec = 0;
			files = (
			);
			runOnlyForDeploymentPostprocessing = 1;
		};
/* End PBXCopyFilesBuildPhase section */

/* Begin PBXFileReference section */
		601CE83C2812F0D500913106 /* GLhello */ = {isa = PBXFileReference; explicitFileType = "compiled.mach-o.executable"; includeInIndex = 0; path = GLhello; sourceTree = BUILT_PRODUCTS_DIR; };
		601CE83F2812F0D500913106 /* main.c */ = {isa = PBXFileReference; lastKnownFileType = sourcecode.c.c; path = main.c; sourceTree = "<group>"; };
		601CE8542812F2F800913106 /* linmath.h */ = {isa = PBXFileReference; lastKnownFileType = sourcecode.c.h; path = linmath.h; sourceTree = "<group>"; };
		601CE85A2812F70100913106 /* libglfw3.a */ = {isa = PBXFileReference; lastKnownFileType = archive.ar; name = libglfw3.a; path = GLhello/libglfw3.a; sourceTree = "<group>"; };
		601CE85C2812F8AE00913106 /* libglfw3.a */ = {isa = PBXFileReference; lastKnownFileType = archive.ar; name = libglfw3.a; path = "GLhello/lib-x86_64/libglfw3.a"; sourceTree = "<group>"; };
		601CE85D2812F8AE00913106 /* libglfw.3.dylib */ = {isa = PBXFileReference; lastKnownFileType = "compiled.mach-o.dylib"; name = libglfw.3.dylib; path = "GLhello/lib-x86_64/libglfw.3.dylib"; sourceTree = "<group>"; };
		601CE8602813136D00913106 /* CoreFoundation.framework */ = {isa = PBXFileReference; lastKnownFileType = wrapper.framework; name = CoreFoundation.framework; path = System/Library/Frameworks/CoreFoundation.framework; sourceTree = SDKROOT; };
		601CE862281313CA00913106 /* CoreGraphics.framework */ = {isa = PBXFileReference; lastKnownFileType = wrapper.framework; name = CoreGraphics.framework; path = System/Library/Frameworks/CoreGraphics.framework; sourceTree = SDKROOT; };
		601CE864281313E800913106 /* CoreVideo.framework */ = {isa = PBXFileReference; lastKnownFileType = wrapper.framework; name = CoreVideo.framework; path = System/Library/Frameworks/CoreVideo.framework; sourceTree = SDKROOT; };
		601CE8662813140100913106 /* IOKit.framework */ = {isa = PBXFileReference; lastKnownFileType = wrapper.framework; name = IOKit.framework; path = System/Library/Frameworks/IOKit.framework; sourceTree = SDKROOT; };
		601CE8682813141B00913106 /* AppKit.framework */ = {isa = PBXFileReference; lastKnownFileType = wrapper.framework; name = AppKit.framework; path = System/Library/Frameworks/AppKit.framework; sourceTree = SDKROOT; };
/* End PBXFileReference section */

/* Begin PBXFrameworksBuildPhase section */
		601CE8392812F0D500913106 /* Frameworks */ = {
			isa = PBXFrameworksBuildPhase;
			buildActionMask = 2147483647;
			files = (
				601CE8692813141B00913106 /* AppKit.framework in Frameworks */,
				601CE8672813140100913106 /* IOKit.framework in Frameworks */,
				601CE865281313E800913106 /* CoreVideo.framework in Frameworks */,
				601CE863281313CA00913106 /* CoreGraphics.framework in Frameworks */,
				601CE8612813136D00913106 /* CoreFoundation.framework in Frameworks */,
				601CE85E2812F8AE00913106 /* libglfw3.a in Frameworks */,
			);
			runOnlyForDeploymentPostprocessing = 0;
		};
/* End PBXFrameworksBuildPhase section */

/* Begin PBXGroup section */
		601CE8332812F0D500913106 = {
			isa = PBXGroup;
			children = (
				601CE83E2812F0D500913106 /* GLhello */,
				601CE83D2812F0D500913106 /* Products */,
				601CE8592812F70100913106 /* Frameworks */,
			);
			sourceTree = "<group>";
		};
		601CE83D2812F0D500913106 /* Products */ = {
			isa = PBXGroup;
			children = (
				601CE83C2812F0D500913106 /* GLhello */,
			);
			name = Products;
			sourceTree = "<group>";
		};
		601CE83E2812F0D500913106 /* GLhello */ = {
			isa = PBXGroup;
			children = (
				601CE83F2812F0D500913106 /* main.c */,
				601CE8542812F2F800913106 /* linmath.h */,
			);
			path = GLhello;
			sourceTree = "<group>";
		};
		601CE8592812F70100913106 /* Frameworks */ = {
			isa = PBXGroup;
			children = (
				601CE8682813141B00913106 /* AppKit.framework */,
				601CE8662813140100913106 /* IOKit.framework */,
				601CE864281313E800913106 /* CoreVideo.framework */,
				601CE862281313CA00913106 /* CoreGraphics.framework */,
				601CE8602813136D00913106 /* CoreFoundation.framework */,
				601CE85D2812F8AE00913106 /* libglfw.3.dylib */,
				601CE85C2812F8AE00913106 /* libglfw3.a */,
				601CE85A2812F70100913106 /* libglfw3.a */,
			);
			name = Frameworks;
			sourceTree = "<group>";
		};
/* End PBXGroup section */

/* Begin PBXNativeTarget section */
		601CE83B2812F0D500913106 /* GLhello */ = {
			isa = PBXNativeTarget;
			buildConfigurationList = 601CE8432812F0D500913106 /* Build configuration list for PBXNativeTarget "GLhello" */;
			buildPhases = (
				601CE8382812F0D500913106 /* Sources */,
				601CE8392812F0D500913106 /* Frameworks */,
				601CE83A2812F0D500913106 /* CopyFiles */,
			);
			buildRules = (
			);
			dependencies = (
			);
			name = GLhello;
			productName = GLhello;
			productReference = 601CE83C2812F0D500913106 /* GLhello */;
			productType = "com.apple.product-type.tool";
		};
/* End PBXNativeTarget section */

/* Begin PBXProject section */
		601CE8342812F0D500913106 /* Project object */ = {
			isa = PBXProject;
			attributes = {
				BuildIndependentTargetsInParallel = 1;
				LastUpgradeCheck = 1320;
				TargetAttributes = {
					601CE83B2812F0D500913106 = {
						CreatedOnToolsVersion = 13.2.1;
					};
				};
			};
			buildConfigurationList = 601CE8372812F0D500913106 /* Build configuration list for PBXProject "GLhello" */;
			compatibilityVersion = "Xcode 13.0";
			developmentRegion = en;
			hasScannedForEncodings = 0;
			knownRegions = (
				en,
				Base,
			);
			mainGroup = 601CE8332812F0D500913106;
			productRefGroup = 601CE83D2812F0D500913106 /* Products */;
			projectDirPath = "";
			projectRoot = "";
			targets = (
				601CE83B2812F0D500913106 /* GLhello */,
			);
		};
/* End PBXProject section */

/* Begin PBXSourcesBuildPhase section */
		601CE8382812F0D500913106 /* Sources */ = {
			isa = PBXSourcesBuildPhase;
			buildActionMask = 2147483647;
			files = (
				601CE8402812F0D500913106 /* main.c in Sources */,
			);
			runOnlyForDeploymentPostprocessing = 0;
		};
/* End PBXSourcesBuildPhase section */

/* Begin XCBuildConfiguration section */
		601CE8412812F0D500913106 /* Debug */ = {
			isa = XCBuildConfiguration;
			buildSettings = {
				ALWAYS_SEARCH_USER_PATHS = NO;
				CLANG_ANALYZER_NONNULL = YES;
				CLANG_ANALYZER_NUMBER_OBJECT_CONVERSION = YES_AGGRESSIVE;
				CLANG_CXX_LANGUAGE_STANDARD = "gnu++17";
				CLANG_CXX_LIBRARY = "libc++";
				CLANG_ENABLE_MODULES = YES;
				CLANG_ENABLE_OBJC_ARC = YES;
				CLANG_ENABLE_OBJC_WEAK = YES;
				CLANG_WARN_BLOCK_CAPTURE_AUTORELEASING = YES;
				CLANG_WARN_BOOL_CONVERSION = YES;
				CLANG_WARN_COMMA = YES;
				CLANG_WARN_CONSTANT_CONVERSION = YES;
				CLANG_WARN_DEPRECATED_OBJC_IMPLEMENTATIONS = YES;
				CLANG_WARN_DIRECT_OBJC_ISA_USAGE = YES_ERROR;
				CLANG_WARN_DOCUMENTATION_COMMENTS = YES;
				CLANG_WARN_EMPTY_BODY = YES;
				CLANG_WARN_ENUM_CONVERSION = YES;
				CLANG_WARN_INFINITE_RECURSION = YES;
				CLANG_WARN_INT_CONVERSION = YES;
				CLANG_WARN_NON_LITERAL_NULL_CONVERSION = YES;
				CLANG_WARN_OBJC_IMPLICIT_RETAIN_SELF = YES;
				CLANG_WARN_OBJC_LITERAL_CONVERSION = YES;
				CLANG_WARN_OBJC_ROOT_CLASS = YES_ERROR;
				CLANG_WARN_QUOTED_INCLUDE_IN_FRAMEWORK_HEADER = YES;
				CLANG_WARN_RANGE_LOOP_ANALYSIS = YES;
				CLANG_WARN_STRICT_PROTOTYPES = YES;
				CLANG_WARN_SUSPICIOUS_MOVE = YES;
				CLANG_WARN_UNGUARDED_AVAILABILITY = YES_AGGRESSIVE;
				CLANG_WARN_UNREACHABLE_CODE = YES;
				CLANG_WARN__DUPLICATE_METHOD_MATCH = YES;
				COPY_PHASE_STRIP = NO;
				DEBUG_INFORMATION_FORMAT = dwarf;
				ENABLE_STRICT_OBJC_MSGSEND = YES;
				ENABLE_TESTABILITY = YES;
				GCC_C_LANGUAGE_STANDARD = gnu11;
				GCC_DYNAMIC_NO_PIC = NO;
				GCC_NO_COMMON_BLOCKS = YES;
				GCC_OPTIMIZATION_LEVEL = 0;
				GCC_PREPROCESSOR_DEFINITIONS = (
					"DEBUG=1",
					"$(inherited)",
				);
				GCC_WARN_64_TO_32_BIT_CONVERSION = YES;
				GCC_WARN_ABOUT_RETURN_TYPE = YES_ERROR;
				GCC_WARN_UNDECLARED_SELECTOR = YES;
				GCC_WARN_UNINITIALIZED_AUTOS = YES_AGGRESSIVE;
				GCC_WARN_UNUSED_FUNCTION = YES;
				GCC_WARN_UNUSED_VARIABLE = YES;
				MACOSX_DEPLOYMENT_TARGET = 11.4;
				MTL_ENABLE_DEBUG_INFO = INCLUDE_SOURCE;
				MTL_FAST_MATH = YES;
				ONLY_ACTIVE_ARCH = YES;
				SDKROOT = macosx;
			};
			name = Debug;
		};
		601CE8422812F0D500913106 /* Release */ = {
			isa = XCBuildConfiguration;
			buildSettings = {
				ALWAYS_SEARCH_USER_PATHS = NO;
				CLANG_ANALYZER_NONNULL = YES;
				CLANG_ANALYZER_NUMBER_OBJECT_CONVERSION = YES_AGGRESSIVE;
				CLANG_CXX_LANGUAGE_STANDARD = "gnu++17";
				CLANG_CXX_LIBRARY = "libc++";
				CLANG_ENABLE_MODULES = YES;
				CLANG_ENABLE_OBJC_ARC = YES;
				CLANG_ENABLE_OBJC_WEAK = YES;
				CLANG_WARN_BLOCK_CAPTURE_AUTORELEASING = YES;
				CLANG_WARN_BOOL_CONVERSION = YES;
				CLANG_WARN_COMMA = YES;
				CLANG_WARN_CONSTANT_CONVERSION = YES;
				CLANG_WARN_DEPRECATED_OBJC_IMPLEMENTATIONS = YES;
				CLANG_WARN_DIRECT_OBJC_ISA_USAGE = YES_ERROR;
				CLANG_WARN_DOCUMENTATION_COMMENTS = YES;
				CLANG_WARN_EMPTY_BODY = YES;
				CLANG_WARN_ENUM_CONVERSION = YES;
				CLANG_WARN_INFINITE_RECURSION = YES;
				CLANG_WARN_INT_CONVERSION = YES;
				CLANG_WARN_NON_LITERAL_NULL_CONVERSION = YES;
				CLANG_WARN_OBJC_IMPLICIT_RETAIN_SELF = YES;
				CLANG_WARN_OBJC_LITERAL_CONVERSION = YES;
				CLANG_WARN_OBJC_ROOT_CLASS = YES_ERROR;
				CLANG_WARN_QUOTED_INCLUDE_IN_FRAMEWORK_HEADER = YES;
				CLANG_WARN_RANGE_LOOP_ANALYSIS = YES;
				CLANG_WARN_STRICT_PROTOTYPES = YES;
				CLANG_WARN_SUSPICIOUS_MOVE = YES;
				CLANG_WARN_UNGUARDED_AVAILABILITY = YES_AGGRESSIVE;
				CLANG_WARN_UNREACHABLE_CODE = YES;
				CLANG_WARN__DUPLICATE_METHOD_MATCH = YES;
				COPY_PHASE_STRIP = NO;
				DEBUG_INFORMATION_FORMAT = "dwarf-with-dsym";
				ENABLE_NS_ASSERTIONS = NO;
				ENABLE_STRICT_OBJC_MSGSEND = YES;
				GCC_C_LANGUAGE_STANDARD = gnu11;
				GCC_NO_COMMON_BLOCKS = YES;
				GCC_WARN_64_TO_32_BIT_CONVERSION = YES;
				GCC_WARN_ABOUT_RETURN_TYPE = YES_ERROR;
				GCC_WARN_UNDECLARED_SELECTOR = YES;
				GCC_WARN_UNINITIALIZED_AUTOS = YES_AGGRESSIVE;
				GCC_WARN_UNUSED_FUNCTION = YES;
				GCC_WARN_UNUSED_VARIABLE = YES;
				MACOSX_DEPLOYMENT_TARGET = 11.4;
				MTL_ENABLE_DEBUG_INFO = NO;
				MTL_FAST_MATH = YES;
				SDKROOT = macosx;
			};
			name = Release;
		};
		601CE8442812F0D500913106 /* Debug */ = {
			isa = XCBuildConfiguration;
			buildSettings = {
				CODE_SIGN_STYLE = Automatic;
				DEVELOPMENT_TEAM = 3FRA5A7JV9;
				ENABLE_HARDENED_RUNTIME = YES;
				LIBRARY_SEARCH_PATHS = (
					"$(inherited)",
					"$(PROJECT_DIR)/GLhello",
					"$(PROJECT_DIR)/GLhello/lib-x86_64",
				);
				PRODUCT_NAME = "$(TARGET_NAME)";
				USER_HEADER_SEARCH_PATHS = GLHello/include;
			};
			name = Debug;
		};
		601CE8452812F0D500913106 /* Release */ = {
			isa = XCBuildConfiguration;
			buildSettings = {
				CODE_SIGN_STYLE = Automatic;
				DEVELOPMENT_TEAM = 3FRA5A7JV9;
				ENABLE_HARDENED_RUNTIME = YES;
				LIBRARY_SEARCH_PATHS = (
					"$(inherited)",
					"$(PROJECT_DIR)/GLhello",
					"$(PROJECT_DIR)/GLhello/lib-x86_64",
				);
				PRODUCT_NAME = "$(TARGET_NAME)";
				USER_HEADER_SEARCH_PATHS = GLHello/include;
			};
			name = Release;
		};
/* End XCBuildConfiguration section */

/* Begin XCConfigurationList section */
		601CE8372812F0D500913106 /* Build configuration list for PBXProject "GLhello" */ = {
			isa = XCConfigurationList;
			buildConfigurations = (
				601CE8412812F0D500913106 /* Debug */,
				601CE8422812F0D500913106 /* Release */,
			);
			defaultConfigurationIsVisible = 0;
			defaultConfigurationName = Release;
		};
		601CE8432812F0D500913106 /* Build configuration list for PBXNativeTarget "GLhello" */ = {
			isa = XCConfigurationList;
			buildConfigurations = (
				601CE8442812F0D500913106 /* Debug */,
				601CE8452812F0D500913106 /* Release */,
			);
			defaultConfigurationIsVisible = 0;
			defaultConfigurationName = Release;
		};
/* End XCConfigurationList section */
	};
	rootObject = 601CE8342812F0D500913106 /* Project object */;
}
